<?xml version="1.0" encoding="utf-8"?>
<Project ToolsVersion="4.0" xmlns="http://schemas.microsoft.com/developer/msbuild/2003">
  <ItemGroup>
    <ClCompile Include="Disk.cpp">
      <Filter>Source Files</Filter>
    </ClCompile>
    <ClCompile Include="Hiberfil.cpp">
      <Filter>Source Files</Filter>
    </ClCompile>
    <ClCompile Include="Hibr2Bin.cpp">
      <Filter>Source Files</Filter>
    </ClCompile>
    <ClCompile Include="MemoryBlocks.cpp">
      <Filter>Source Files</Filter>
    </ClCompile>
    <ClCompile Include="precomp.cpp">
      <Filter>Source Files</Filter>
    </ClCompile>
    <ClCompile Include="CommonLibLight/FileContext.cpp">
      <Filter>Source Files</Filter>
    </ClCompile>
    <ClCompile Include="CommonLibLight/Misc.cpp">
      <Filter>Source Files</Filter>
    </ClCompile>
  </ItemGroup>
  <ItemGroup>
    <ClInclude Include="Hiber.h">
      <Filter>Header Files</Filter>
    </ClInclude>
    <ClInclude Include="Hiberfil.h">
      <Filter>Header Files</Filter>
    </ClInclude>
    <ClInclude Include="Hibr2Bin.h">
      <Filter>Header Files</Filter>
    </ClInclude>
    <ClInclude Include="MemoryBlocks.h">
      <Filter>Header Files</Filter>
    </ClInclude>
    <ClInclude Include="precomp.h">
      <Filter>Header Files</Filter>
    </ClInclude>
    <ClInclude Include="resource.h">
      <Filter>Header Files</Filter>
    </ClInclude>
    <ClInclude Include="CommonLibLight/FileContext.h">
      <Filter>Header Files</Filter>
    </ClInclude>
    <ClInclude Include="CommonLibLight/Misc.h">
      <Filter>Header Files</Filter>
    </ClInclude>
  </ItemGroup>
  <ItemGroup>
    <Filter Include="Source Files">
      <UniqueIdentifier>{be54bd0e-758a-456a-a54d-11d014c5f1da}</UniqueIdentifier>
    </Filter>
    <Filter Include="Header Files">
      <UniqueIdentifier>{d1021b3b-ff00-4455-a69d-0a5c40833761}</UniqueIdentifier>
    </Filter>
    <Filter Include="Resource Files">
      <UniqueIdentifier>{f55c6f1c-0502-474c-ba81-b3e79da04dd1}</UniqueIdentifier>
    </Filter>
  </ItemGroup>
  <ItemGroup>
    <Image Include="comae.ico">
      <Filter>Resource Files</Filter>
    </Image>
  </ItemGroup>
  <ItemGroup>
    <ResourceCompile Include="Hibr2Bin.rc">
      <Filter>Resource Files</Filter>
    </ResourceCompile>
  </ItemGroup>
</Project>